// !$*UTF8*$!
{
	archiveVersion = 1;
	classes = {
	};
	objectVersion = 46;
	objects = {

/* Begin PBXBuildFile section */
		BA72D7C119D651D500CE2F4D /* AppDelegate.swift in Sources */ = {isa = PBXBuildFile; fileRef = BA72D7C019D651D500CE2F4D /* AppDelegate.swift */; };
		BA72D7C319D651D500CE2F4D /* ViewController.swift in Sources */ = {isa = PBXBuildFile; fileRef = BA72D7C219D651D500CE2F4D /* ViewController.swift */; };
		BA72D7C619D651D500CE2F4D /* Main.storyboard in Resources */ = {isa = PBXBuildFile; fileRef = BA72D7C419D651D500CE2F4D /* Main.storyboard */; };
		BA72D7C819D651D500CE2F4D /* Images.xcassets in Resources */ = {isa = PBXBuildFile; fileRef = BA72D7C719D651D500CE2F4D /* Images.xcassets */; };
		BA72D7CB19D651D500CE2F4D /* LaunchScreen.xib in Resources */ = {isa = PBXBuildFile; fileRef = BA72D7C919D651D500CE2F4D /* LaunchScreen.xib */; };
		BA72D7D719D651D500CE2F4D /* mailbox_mockTests.swift in Sources */ = {isa = PBXBuildFile; fileRef = BA72D7D619D651D500CE2F4D /* mailbox_mockTests.swift */; };
/* End PBXBuildFile section */

/* Begin PBXContainerItemProxy section */
		BA72D7D119D651D500CE2F4D /* PBXContainerItemProxy */ = {
			isa = PBXContainerItemProxy;
			containerPortal = BA72D7B319D651D500CE2F4D /* Project object */;
			proxyType = 1;
			remoteGlobalIDString = BA72D7BA19D651D500CE2F4D;
			remoteInfo = "mailbox-mock";
		};
/* End PBXContainerItemProxy section */

/* Begin PBXFileReference section */
		BA72D7BB19D651D500CE2F4D /* mailbox-mock.app */ = {isa = PBXFileReference; explicitFileType = wrapper.application; includeInIndex = 0; path = "mailbox-mock.app"; sourceTree = BUILT_PRODUCTS_DIR; };
		BA72D7BF19D651D500CE2F4D /* Info.plist */ = {isa = PBXFileReference; lastKnownFileType = text.plist.xml; path = Info.plist; sourceTree = "<group>"; };
		BA72D7C019D651D500CE2F4D /* AppDelegate.swift */ = {isa = PBXFileReference; lastKnownFileType = sourcecode.swift; path = AppDelegate.swift; sourceTree = "<group>"; };
		BA72D7C219D651D500CE2F4D /* ViewController.swift */ = {isa = PBXFileReference; lastKnownFileType = sourcecode.swift; path = ViewController.swift; sourceTree = "<group>"; };
		BA72D7C519D651D500CE2F4D /* Base */ = {isa = PBXFileReference; lastKnownFileType = file.storyboard; name = Base; path = Base.lproj/Main.storyboard; sourceTree = "<group>"; };
		BA72D7C719D651D500CE2F4D /* Images.xcassets */ = {isa = PBXFileReference; lastKnownFileType = folder.assetcatalog; path = Images.xcassets; sourceTree = "<group>"; };
		BA72D7CA19D651D500CE2F4D /* Base */ = {isa = PBXFileReference; lastKnownFileType = file.xib; name = Base; path = Base.lproj/LaunchScreen.xib; sourceTree = "<group>"; };
		BA72D7D019D651D500CE2F4D /* mailbox-mockTests.xctest */ = {isa = PBXFileReference; explicitFileType = wrapper.cfbundle; includeInIndex = 0; path = "mailbox-mockTests.xctest"; sourceTree = BUILT_PRODUCTS_DIR; };
		BA72D7D519D651D500CE2F4D /* Info.plist */ = {isa = PBXFileReference; lastKnownFileType = text.plist.xml; path = Info.plist; sourceTree = "<group>"; };
		BA72D7D619D651D500CE2F4D /* mailbox_mockTests.swift */ = {isa = PBXFileReference; lastKnownFileType = sourcecode.swift; path = mailbox_mockTests.swift; sourceTree = "<group>"; };
/* End PBXFileReference section */

/* Begin PBXFrameworksBuildPhase section */
		BA72D7B819D651D500CE2F4D /* Frameworks */ = {
			isa = PBXFrameworksBuildPhase;
			buildActionMask = 2147483647;
			files = (
			);
			runOnlyForDeploymentPostprocessing = 0;
		};
		BA72D7CD19D651D500CE2F4D /* Frameworks */ = {
			isa = PBXFrameworksBuildPhase;
			buildActionMask = 2147483647;
			files = (
			);
			runOnlyForDeploymentPostprocessing = 0;
		};
/* End PBXFrameworksBuildPhase section */

/* Begin PBXGroup section */
		BA72D7B219D651D500CE2F4D = {
			isa = PBXGroup;
			children = (
				BA72D7BD19D651D500CE2F4D /* mailbox-mock */,
				BA72D7D319D651D500CE2F4D /* mailbox-mockTests */,
				BA72D7BC19D651D500CE2F4D /* Products */,
			);
			sourceTree = "<group>";
		};
		BA72D7BC19D651D500CE2F4D /* Products */ = {
			isa = PBXGroup;
			children = (
				BA72D7BB19D651D500CE2F4D /* mailbox-mock.app */,
				BA72D7D019D651D500CE2F4D /* mailbox-mockTests.xctest */,
			);
			name = Products;
			sourceTree = "<group>";
		};
		BA72D7BD19D651D500CE2F4D /* mailbox-mock */ = {
			isa = PBXGroup;
			children = (
				BA72D7C019D651D500CE2F4D /* AppDelegate.swift */,
				BA72D7C219D651D500CE2F4D /* ViewController.swift */,
				BA72D7C419D651D500CE2F4D /* Main.storyboard */,
				BA72D7C719D651D500CE2F4D /* Images.xcassets */,
				BA72D7C919D651D500CE2F4D /* LaunchScreen.xib */,
				BA72D7BE19D651D500CE2F4D /* Supporting Files */,
			);
			path = "mailbox-mock";
			sourceTree = "<group>";
		};
		BA72D7BE19D651D500CE2F4D /* Supporting Files */ = {
			isa = PBXGroup;
			children = (
				BA72D7BF19D651D500CE2F4D /* Info.plist */,
			);
			name = "Supporting Files";
			sourceTree = "<group>";
		};
		BA72D7D319D651D500CE2F4D /* mailbox-mockTests */ = {
			isa = PBXGroup;
			children = (
				BA72D7D619D651D500CE2F4D /* mailbox_mockTests.swift */,
				BA72D7D419D651D500CE2F4D /* Supporting Files */,
			);
			path = "mailbox-mockTests";
			sourceTree = "<group>";
		};
		BA72D7D419D651D500CE2F4D /* Supporting Files */ = {
			isa = PBXGroup;
			children = (
				BA72D7D519D651D500CE2F4D /* Info.plist */,
			);
			name = "Supporting Files";
			sourceTree = "<group>";
		};
/* End PBXGroup section */

/* Begin PBXNativeTarget section */
		BA72D7BA19D651D500CE2F4D /* mailbox-mock */ = {
			isa = PBXNativeTarget;
			buildConfigurationList = BA72D7DA19D651D500CE2F4D /* Build configuration list for PBXNativeTarget "mailbox-mock" */;
			buildPhases = (
				BA72D7B719D651D500CE2F4D /* Sources */,
				BA72D7B819D651D500CE2F4D /* Frameworks */,
				BA72D7B919D651D500CE2F4D /* Resources */,
			);
			buildRules = (
			);
			dependencies = (
			);
			name = "mailbox-mock";
			productName = "mailbox-mock";
			productReference = BA72D7BB19D651D500CE2F4D /* mailbox-mock.app */;
			productType = "com.apple.product-type.application";
		};
		BA72D7CF19D651D500CE2F4D /* mailbox-mockTests */ = {
			isa = PBXNativeTarget;
			buildConfigurationList = BA72D7DD19D651D500CE2F4D /* Build configuration list for PBXNativeTarget "mailbox-mockTests" */;
			buildPhases = (
				BA72D7CC19D651D500CE2F4D /* Sources */,
				BA72D7CD19D651D500CE2F4D /* Frameworks */,
				BA72D7CE19D651D500CE2F4D /* Resources */,
			);
			buildRules = (
			);
			dependencies = (
				BA72D7D219D651D500CE2F4D /* PBXTargetDependency */,
			);
			name = "mailbox-mockTests";
			productName = "mailbox-mockTests";
			productReference = BA72D7D019D651D500CE2F4D /* mailbox-mockTests.xctest */;
			productType = "com.apple.product-type.bundle.unit-test";
		};
/* End PBXNativeTarget section */

/* Begin PBXProject section */
		BA72D7B319D651D500CE2F4D /* Project object */ = {
			isa = PBXProject;
			attributes = {
				LastUpgradeCheck = 0600;
				ORGANIZATIONNAME = "Henry Freel";
				TargetAttributes = {
					BA72D7BA19D651D500CE2F4D = {
						CreatedOnToolsVersion = 6.0;
					};
					BA72D7CF19D651D500CE2F4D = {
						CreatedOnToolsVersion = 6.0;
						TestTargetID = BA72D7BA19D651D500CE2F4D;
					};
				};
			};
			buildConfigurationList = BA72D7B619D651D500CE2F4D /* Build configuration list for PBXProject "mailbox-mock" */;
			compatibilityVersion = "Xcode 3.2";
			developmentRegion = English;
			hasScannedForEncodings = 0;
			knownRegions = (
				en,
				Base,
			);
			mainGroup = BA72D7B219D651D500CE2F4D;
			productRefGroup = BA72D7BC19D651D500CE2F4D /* Products */;
			projectDirPath = "";
			projectRoot = "";
			targets = (
				BA72D7BA19D651D500CE2F4D /* mailbox-mock */,
				BA72D7CF19D651D500CE2F4D /* mailbox-mockTests */,
			);
		};
/* End PBXProject section */

/* Begin PBXResourcesBuildPhase section */
		BA72D7B919D651D500CE2F4D /* Resources */ = {
			isa = PBXResourcesBuildPhase;
			buildActionMask = 2147483647;
			files = (
				BA72D7C619D651D500CE2F4D /* Main.storyboard in Resources */,
				BA72D7CB19D651D500CE2F4D /* LaunchScreen.xib in Resources */,
				BA72D7C819D651D500CE2F4D /* Images.xcassets in Resources */,
			);
			runOnlyForDeploymentPostprocessing = 0;
		};
		BA72D7CE19D651D500CE2F4D /* Resources */ = {
			isa = PBXResourcesBuildPhase;
			buildActionMask = 2147483647;
			files = (
			);
			runOnlyForDeploymentPostprocessing = 0;
		};
/* End PBXResourcesBuildPhase section */

/* Begin PBXSourcesBuildPhase section */
		BA72D7B719D651D500CE2F4D /* Sources */ = {
			isa = PBXSourcesBuildPhase;
			buildActionMask = 2147483647;
			files = (
				BA72D7C319D651D500CE2F4D /* ViewController.swift in Sources */,
				BA72D7C119D651D500CE2F4D /* AppDelegate.swift in Sources */,
			);
			runOnlyForDeploymentPostprocessing = 0;
		};
		BA72D7CC19D651D500CE2F4D /* Sources */ = {
			isa = PBXSourcesBuildPhase;
			buildActionMask = 2147483647;
			files = (
				BA72D7D719D651D500CE2F4D /* mailbox_mockTests.swift in Sources */,
			);
			runOnlyForDeploymentPostprocessing = 0;
		};
/* End PBXSourcesBuildPhase section */

/* Begin PBXTargetDependency section */
		BA72D7D219D651D500CE2F4D /* PBXTargetDependency */ = {
			isa = PBXTargetDependency;
			target = BA72D7BA19D651D500CE2F4D /* mailbox-mock */;
			targetProxy = BA72D7D119D651D500CE2F4D /* PBXContainerItemProxy */;
		};
/* End PBXTargetDependency section */

/* Begin PBXVariantGroup section */
		BA72D7C419D651D500CE2F4D /* Main.storyboard */ = {
			isa = PBXVariantGroup;
			children = (
				BA72D7C519D651D500CE2F4D /* Base */,
			);
			name = Main.storyboard;
			sourceTree = "<group>";
		};
		BA72D7C919D651D500CE2F4D /* LaunchScreen.xib */ = {
			isa = PBXVariantGroup;
			children = (
				BA72D7CA19D651D500CE2F4D /* Base */,
			);
			name = LaunchScreen.xib;
			sourceTree = "<group>";
		};
/* End PBXVariantGroup section */

/* Begin XCBuildConfiguration section */
		BA72D7D819D651D500CE2F4D /* Debug */ = {
			isa = XCBuildConfiguration;
			buildSettings = {
				ALWAYS_SEARCH_USER_PATHS = NO;
				CLANG_CXX_LANGUAGE_STANDARD = "gnu++0x";
				CLANG_CXX_LIBRARY = "libc++";
				CLANG_ENABLE_MODULES = YES;
				CLANG_ENABLE_OBJC_ARC = YES;
				CLANG_WARN_BOOL_CONVERSION = YES;
				CLANG_WARN_CONSTANT_CONVERSION = YES;
				CLANG_WARN_DIRECT_OBJC_ISA_USAGE = YES_ERROR;
				CLANG_WARN_EMPTY_BODY = YES;
				CLANG_WARN_ENUM_CONVERSION = YES;
				CLANG_WARN_INT_CONVERSION = YES;
				CLANG_WARN_OBJC_ROOT_CLASS = YES_ERROR;
				CLANG_WARN_UNREACHABLE_CODE = YES;
				CLANG_WARN__DUPLICATE_METHOD_MATCH = YES;
				"CODE_SIGN_IDENTITY[sdk=iphoneos*]" = "iPhone Developer";
				COPY_PHASE_STRIP = NO;
				ENABLE_STRICT_OBJC_MSGSEND = YES;
				GCC_C_LANGUAGE_STANDARD = gnu99;
				GCC_DYNAMIC_NO_PIC = NO;
				GCC_OPTIMIZATION_LEVEL = 0;
				GCC_PREPROCESSOR_DEFINITIONS = (
					"DEBUG=1",
					"$(inherited)",
				);
				GCC_SYMBOLS_PRIVATE_EXTERN = NO;
				GCC_WARN_64_TO_32_BIT_CONVERSION = YES;
				GCC_WARN_ABOUT_RETURN_TYPE = YES_ERROR;
				GCC_WARN_UNDECLARED_SELECTOR = YES;
				GCC_WARN_UNINITIALIZED_AUTOS = YES_AGGRESSIVE;
				GCC_WARN_UNUSED_FUNCTION = YES;
				GCC_WARN_UNUSED_VARIABLE = YES;
				IPHONEOS_DEPLOYMENT_TARGET = 8.0;
				MTL_ENABLE_DEBUG_INFO = YES;
				ONLY_ACTIVE_ARCH = YES;
				SDKROOT = iphoneos;
				SWIFT_OPTIMIZATION_LEVEL = "-Onone";
			};
			name = Debug;
		};
		BA72D7D919D651D500CE2F4D /* Release */ = {
			isa = XCBuildConfiguration;
			buildSettings = {
				ALWAYS_SEARCH_USER_PATHS = NO;
				CLANG_CXX_LANGUAGE_STANDARD = "gnu++0x";
				CLANG_CXX_LIBRARY = "libc++";
				CLANG_ENABLE_MODULES = YES;
				CLANG_ENABLE_OBJC_ARC = YES;
				CLANG_WARN_BOOL_CONVERSION = YES;
				CLANG_WARN_CONSTANT_CONVERSION = YES;
				CLANG_WARN_DIRECT_OBJC_ISA_USAGE = YES_ERROR;
				CLANG_WARN_EMPTY_BODY = YES;
				CLANG_WARN_ENUM_CONVERSION = YES;
				CLANG_WARN_INT_CONVERSION = YES;
				CLANG_WARN_OBJC_ROOT_CLASS = YES_ERROR;
				CLANG_WARN_UNREACHABLE_CODE = YES;
				CLANG_WARN__DUPLICATE_METHOD_MATCH = YES;
				"CODE_SIGN_IDENTITY[sdk=iphoneos*]" = "iPhone Developer";
				COPY_PHASE_STRIP = YES;
				ENABLE_NS_ASSERTIONS = NO;
				ENABLE_STRICT_OBJC_MSGSEND = YES;
				GCC_C_LANGUAGE_STANDARD = gnu99;
				GCC_WARN_64_TO_32_BIT_CONVERSION = YES;
				GCC_WARN_ABOUT_RETURN_TYPE = YES_ERROR;
				GCC_WARN_UNDECLARED_SELECTOR = YES;
				GCC_WARN_UNINITIALIZED_AUTOS = YES_AGGRESSIVE;
				GCC_WARN_UNUSED_FUNCTION = YES;
				GCC_WARN_UNUSED_VARIABLE = YES;
				IPHONEOS_DEPLOYMENT_TARGET = 8.0;
				MTL_ENABLE_DEBUG_INFO = NO;
				SDKROOT = iphoneos;
				VALIDATE_PRODUCT = YES;
			};
			name = Release;
		};
		BA72D7DB19D651D500CE2F4D /* Debug */ = {
			isa = XCBuildConfiguration;
			buildSettings = {
				ASSETCATALOG_COMPILER_APPICON_NAME = AppIcon;
				INFOPLIST_FILE = "mailbox-mock/Info.plist";
				LD_RUNPATH_SEARCH_PATHS = "$(inherited) @executable_path/Frameworks";
				PRODUCT_NAME = "$(TARGET_NAME)";
			};
			name = Debug;
		};
		BA72D7DC19D651D500CE2F4D /* Release */ = {
			isa = XCBuildConfiguration;
			buildSettings = {
				ASSETCATALOG_COMPILER_APPICON_NAME = AppIcon;
				INFOPLIST_FILE = "mailbox-mock/Info.plist";
				LD_RUNPATH_SEARCH_PATHS = "$(inherited) @executable_path/Frameworks";
				PRODUCT_NAME = "$(TARGET_NAME)";
			};
			name = Release;
		};
		BA72D7DE19D651D500CE2F4D /* Debug */ = {
			isa = XCBuildConfiguration;
			buildSettings = {
				BUNDLE_LOADER = "$(TEST_HOST)";
				FRAMEWORK_SEARCH_PATHS = (
					"$(SDKROOT)/Developer/Library/Frameworks",
					"$(inherited)",
				);
				GCC_PREPROCESSOR_DEFINITIONS = (
					"DEBUG=1",
					"$(inherited)",
				);
				INFOPLIST_FILE = "mailbox-mockTests/Info.plist";
				LD_RUNPATH_SEARCH_PATHS = "$(inherited) @executable_path/Frameworks @loader_path/Frameworks";
				PRODUCT_NAME = "$(TARGET_NAME)";
				TEST_HOST = "$(BUILT_PRODUCTS_DIR)/mailbox-mock.app/mailbox-mock";
			};
			name = Debug;
		};
		BA72D7DF19D651D500CE2F4D /* Release */ = {
			isa = XCBuildConfiguration;
			buildSettings = {
				BUNDLE_LOADER = "$(TEST_HOST)";
				FRAMEWORK_SEARCH_PATHS = (
					"$(SDKROOT)/Developer/Library/Frameworks",
					"$(inherited)",
				);
				INFOPLIST_FILE = "mailbox-mockTests/Info.plist";
				LD_RUNPATH_SEARCH_PATHS = "$(inherited) @executable_path/Frameworks @loader_path/Frameworks";
				PRODUCT_NAME = "$(TARGET_NAME)";
				TEST_HOST = "$(BUILT_PRODUCTS_DIR)/mailbox-mock.app/mailbox-mock";
			};
			name = Release;
		};
/* End XCBuildConfiguration section */

/* Begin XCConfigurationList section */
		BA72D7B619D651D500CE2F4D /* Build configuration list for PBXProject "mailbox-mock" */ = {
			isa = XCConfigurationList;
			buildConfigurations = (
				BA72D7D819D651D500CE2F4D /* Debug */,
				BA72D7D919D651D500CE2F4D /* Release */,
			);
			defaultConfigurationIsVisible = 0;
			defaultConfigurationName = Release;
		};
		BA72D7DA19D651D500CE2F4D /* Build configuration list for PBXNativeTarget "mailbox-mock" */ = {
			isa = XCConfigurationList;
			buildConfigurations = (
				BA72D7DB19D651D500CE2F4D /* Debug */,
				BA72D7DC19D651D500CE2F4D /* Release */,
			);
			defaultConfigurationIsVisible = 0;
		};
		BA72D7DD19D651D500CE2F4D /* Build configuration list for PBXNativeTarget "mailbox-mockTests" */ = {
			isa = XCConfigurationList;
			buildConfigurations = (
				BA72D7DE19D651D500CE2F4D /* Debug */,
				BA72D7DF19D651D500CE2F4D /* Release */,
			);
			defaultConfigurationIsVisible = 0;
		};
/* End XCConfigurationList section */
	};
	rootObject = BA72D7B319D651D500CE2F4D /* Project object */;
}
